
Microsoft Visual Studio Solution File, Format Version 12.00
# Visual Studio Version 17
VisualStudioVersion = 17.0.31903.59
MinimumVisualStudioVersion = 10.0.40219.1
Project("{FAE04EC0-301F-11D3-BF4B-00C04F79EFBC}") = "Stratego", "Stratego\Stratego.csproj", "{C85D93F9-9A4C-4B3A-875E-9E54B8F0CE2A}"
EndProject
Global
	GlobalSection(SolutionConfigurationPlatforms) = preSolution
		Debug|Any CPU = Debug|Any CPU
		Release|Any CPU = Release|Any CPU
	EndGlobalSection
	GlobalSection(SolutionProperties) = preSolution
		HideSolutionNode = FALSE
	EndGlobalSection
	GlobalSection(ProjectConfigurationPlatforms) = postSolution
		{C85D93F9-9A4C-4B3A-875E-9E54B8F0CE2A}.Debug|Any CPU.ActiveCfg = Debug|Any CPU
		{C85D93F9-9A4C-4B3A-875E-9E54B8F0CE2A}.Debug|Any CPU.Build.0 = Debug|Any CPU
		{C85D93F9-9A4C-4B3A-875E-9E54B8F0CE2A}.Release|Any CPU.ActiveCfg = Release|Any CPU
		{C85D93F9-9A4C-4B3A-875E-9E54B8F0CE2A}.Release|Any CPU.Build.0 = Release|Any CPU
	EndGlobalSection
EndGlobal
